{
    "_meta": {
        "hash": {
            "sha256": "302e4401ba3e0e6ba45e4931bc031b72ca116e4a7e7f36fdf25a2ed5bbf523ff"
        },
        "pipfile-spec": 6,
        "requires": {
            "python_version": "3.6"
        },
        "sources": [
            {
                "name": "pypi",
                "url": "https://pypi.org/simple",
                "verify_ssl": true
            }
        ]
    },
    "default": {
        "certifi": {
            "hashes": [
                "sha256:47f9c83ef4c0c621eaef743f133f09fa8a74a9b75f037e8624f83bd1b6626cb7",
                "sha256:993f830721089fef441cdfeb4b2c8c9df86f0c63239f06bd025a76a7daddb033"
            ],
            "index": "pypi",
            "version": "==2018.11.29"
        },
        "chardet": {
            "hashes": [
                "sha256:84ab92ed1c4d4f16916e05906b6b75a6c0fb5db821cc65e70cbd64a3e2a5eaae",
                "sha256:fc323ffcaeaed0e0a02bf4d117757b98aed530d9ed4531e3e15460124c106691"
            ],
            "index": "pypi",
            "version": "==3.0.4"
        },
        "dj-database-url": {
            "hashes": [
                "sha256:4aeaeb1f573c74835b0686a2b46b85990571159ffc21aa57ecd4d1e1cb334163",
                "sha256:851785365761ebe4994a921b433062309eb882fedd318e1b0fcecc607ed02da9"
            ],
            "index": "pypi",
            "version": "==0.5.0"
        },
        "django": {
            "hashes": [
                "sha256:068d51054083d06ceb32ce02b7203f1854256047a0d58682677dd4f81bceabd7",
                "sha256:55409a056b27e6d1246f19ede41c6c610e4cab549c005b62cbeefabc6433356b"
            ],
            "index": "pypi",
            "version": "==2.1.4"
        },
        "django-heroku": {
            "hashes": [
                "sha256:2bc690aab89eedbe01311752320a9a12e7548e3b0ed102681acc5736a41a4762",
                "sha256:6af4bc3ae4a9b55eaad6dbe5164918982d2762661aebc9f83d9fa49f6009514e"
            ],
            "index": "pypi",
            "version": "==0.3.1"
        },
        "gunicorn": {
            "hashes": [
                "sha256:aa8e0b40b4157b36a5df5e599f45c9c76d6af43845ba3b3b0efe2c70473c2471",
                "sha256:fa2662097c66f920f53f70621c6c58ca4a3c4d3434205e608e121b5b3b71f4f3"
            ],
            "index": "pypi",
            "version": "==19.9.0"
        },
        "idna": {
            "hashes": [
                "sha256:156a6814fb5ac1fc6850fb002e0852d56c0c8d2531923a51032d1b70760e186e",
                "sha256:684a38a6f903c1d71d6d5fac066b58d7768af4de2b832e426ec79c30daa94a16"
            ],
            "index": "pypi",
            "version": "==2.7"
        },
        "psycopg2": {
            "hashes": [
                "sha256:04e3d511ddb7890b0b4be750aedc4eb586e54404adb5cf81f6fdab267030a608",
                "sha256:05c38e34c5f8ee65506e25be6fe43fcbc8baf6cb21180f1ddd67bd3199b0e881",
                "sha256:06993c70f5fe9dad3b83c97fe34bc1946d00745182db3c84bdcab625e685976f",
                "sha256:1603a04f8d7198694cab546ead9b7749d3ddce7a482cc01be2fb29108fb88650",
                "sha256:17875d890129d2e4ce6cc6afa560a3ce6af29ec118a597ff9881f36f28b66f10",
                "sha256:20ac04da606736f9ad57e646edbd1485aae28df26b222efa10d2af306a0329c6",
                "sha256:324fdaec15fe94356cd3c58d6a24dce472227d1c6132bded0de60339208150ef",
                "sha256:33e151d5afe42230e5576f6c4f6f677750b615a0e773d89711935d0df460b060",
                "sha256:3767f40bb35713ccc75dbcff80bf228a75e080d6b98c78afd5fb9aa84682a9f4",
                "sha256:39113d27ca3a482ac54445f4f31f61e22c7c04968663dea71ac4767b764703a7",
                "sha256:3d109eaa42f9e9ca6b2574e5014e5b01af237e970b2984e17c8dfde7204b432e",
                "sha256:3f33afd7dbe0b912b76c41fdecc0d8e716dbf1252348ccf207d0ace70c9fe0da",
                "sha256:4eb0b86d1965c96f3cc0c4c7779bff743b48ee9474e5e412d3a39c68b55db80e",
                "sha256:59460f001eacf37e1faec7bf0564a8d458d9aa74dec63b6c0664c2a292fff51f",
                "sha256:64641c31b8a7607ad917de1141add23fc1d25fa02f06d62d3ac018e1115a7d40",
                "sha256:65a50d651a60214e837c2625a46eb0717c246334bd314a37d1655e6284f62be9",
                "sha256:76baf7b42cf98e89d55ef04a86053173601e37a8bcc219c2bfd4f54a5743e834",
                "sha256:857c9b055d8028d7a41868cb0ae850ac45b920726bab3b1097eeb3d67d04574e",
                "sha256:86fbdedf0f522475180c64916c2cd43a669291427e5c66ff0cb2947588fe738c",
                "sha256:8977377e7c7ac777b7b8b9fa22a206dc37b17dde8061770a69d26cee25a16000",
                "sha256:9518e2acba890de50308afa435e0ae60ff9f328457902dc54a9fb6e1dc8cf67f",
                "sha256:95a68f97b4b5b9dd272db5bce0ac2799c9e5fd112d7528c791c5704e2b06dc20",
                "sha256:a943d292a3786d9c6ae33d68d600e94033a323621d364b6a247cdfa2f56424d1",
                "sha256:c1a0d2c07818dc28ffa67d0687e5b21c7bae55fe8a63021b26cf610ca83718f8",
                "sha256:c30f8861f2496d265c9e4a201dd584400dfab86ca945fdd4e2515f831742bcdc",
                "sha256:c504d5bff8ed8b437f82361717d4936f05b02c48f00ddcd2b5d539d41cef9afa",
                "sha256:c56e397964e61144d5b0a5fe520edf997b4fd2b1fa3abf8214d8a834da4216d9",
                "sha256:d97e93e485d83744041aa844b93089650ceaaff8241eb0b2b8bef200fd82edec",
                "sha256:dca7f3684205337bee736cbf5bfea6012d075de7de6383c987408c301956a9ed",
                "sha256:ea51262c8841ac640c6c71697945e87aa5dcf28c2ebb5c75747066bdb759e801",
                "sha256:f55ff0c9fae764814cb6d0b7f85380d00665915f9ae3a750e8389bc86f1b336b"
            ],
            "index": "pypi",
            "version": "==2.7.2"
        },
        "pytz": {
            "hashes": [
                "sha256:31cb35c89bd7d333cd32c5f278fca91b523b0834369e757f4c5641ea252236ca",
                "sha256:8e0f8568c118d3077b46be7d654cc8167fa916092e28320cde048e54bfc9f1e6"
            ],
            "index": "pypi",
            "version": "==2018.7"
        },
        "requests": {
            "hashes": [
                "sha256:65b3a120e4329e33c9889db89c80976c5272f56ea92d3e74da8a463992e3ff54",
                "sha256:ea881206e59f41dbd0bd445437d792e43906703fff75ca8ff43ccdb11f33f263"
            ],
            "index": "pypi",
            "version": "==2.20.1"
        },
        "urllib3": {
            "hashes": [
                "sha256:61bf29cada3fc2fbefad4fdf059ea4bd1b4a86d2b6d15e1c7c0b582b9752fe39",
                "sha256:de9529817c93f27c8ccbfead6985011db27bd0ddfcdb2d86f3f663385c6a9c22"
            ],
            "index": "pypi",
            "version": "==1.24.1"
        },
        "whitenoise": {
            "hashes": [
                "sha256:118ab3e5f815d380171b100b05b76de2a07612f422368a201a9ffdeefb2251c1",
                "sha256:42133ddd5229eeb6a0c9899496bdbe56c292394bf8666da77deeb27454c0456a"
            ],
            "index": "pypi",
            "version": "==4.1.2"
        }
    },
    "develop": {}
}
